// !$*UTF8*$!
{
	archiveVersion = 1;
	classes = {
	};
	objectVersion = 46;
	objects = {

/* Begin PBXBuildFile section */
		D745C9931FE3556D00BABD34 /* AppDelegate.swift in Sources */ = {isa = PBXBuildFile; fileRef = D745C9921FE3556D00BABD34 /* AppDelegate.swift */; };
		D745C9981FE3556D00BABD34 /* Main.storyboard in Resources */ = {isa = PBXBuildFile; fileRef = D745C9961FE3556D00BABD34 /* Main.storyboard */; };
		D745C99A1FE3556D00BABD34 /* Assets.xcassets in Resources */ = {isa = PBXBuildFile; fileRef = D745C9991FE3556D00BABD34 /* Assets.xcassets */; };
		D745C99D1FE3556D00BABD34 /* LaunchScreen.storyboard in Resources */ = {isa = PBXBuildFile; fileRef = D745C99B1FE3556D00BABD34 /* LaunchScreen.storyboard */; };
		D745C9A81FE3556D00BABD34 /* NowTicketingTests.swift in Sources */ = {isa = PBXBuildFile; fileRef = D745C9A71FE3556D00BABD34 /* NowTicketingTests.swift */; };
		D745C9B31FE3560400BABD34 /* RiderTableViewController.swift in Sources */ = {isa = PBXBuildFile; fileRef = D745C9B21FE3560400BABD34 /* RiderTableViewController.swift */; };
		D745C9B51FE3564800BABD34 /* FareTableViewController.swift in Sources */ = {isa = PBXBuildFile; fileRef = D745C9B41FE3564800BABD34 /* FareTableViewController.swift */; };
		D745C9B71FE3575900BABD34 /* PurchaseViewController.swift in Sources */ = {isa = PBXBuildFile; fileRef = D745C9B61FE3575900BABD34 /* PurchaseViewController.swift */; };
		D745C9BB1FE357BB00BABD34 /* ticket.json in Resources */ = {isa = PBXBuildFile; fileRef = D745C9BA1FE357BB00BABD34 /* ticket.json */; };
		D745C9BD1FE357E300BABD34 /* Ticket.swift in Sources */ = {isa = PBXBuildFile; fileRef = D745C9BC1FE357E300BABD34 /* Ticket.swift */; };
		D745C9BF1FE3580400BABD34 /* Fare.swift in Sources */ = {isa = PBXBuildFile; fileRef = D745C9BE1FE3580400BABD34 /* Fare.swift */; };
/* End PBXBuildFile section */

/* Begin PBXContainerItemProxy section */
		D745C9A41FE3556D00BABD34 /* PBXContainerItemProxy */ = {
			isa = PBXContainerItemProxy;
			containerPortal = D745C9871FE3556D00BABD34 /* Project object */;
			proxyType = 1;
			remoteGlobalIDString = D745C98E1FE3556D00BABD34;
			remoteInfo = NowTicketing;
		};
/* End PBXContainerItemProxy section */

/* Begin PBXFileReference section */
		D745C98F1FE3556D00BABD34 /* NowTicketing.app */ = {isa = PBXFileReference; explicitFileType = wrapper.application; includeInIndex = 0; path = NowTicketing.app; sourceTree = BUILT_PRODUCTS_DIR; };
		D745C9921FE3556D00BABD34 /* AppDelegate.swift */ = {isa = PBXFileReference; lastKnownFileType = sourcecode.swift; path = AppDelegate.swift; sourceTree = "<group>"; };
		D745C9971FE3556D00BABD34 /* Base */ = {isa = PBXFileReference; lastKnownFileType = file.storyboard; name = Base; path = Base.lproj/Main.storyboard; sourceTree = "<group>"; };
		D745C9991FE3556D00BABD34 /* Assets.xcassets */ = {isa = PBXFileReference; lastKnownFileType = folder.assetcatalog; path = Assets.xcassets; sourceTree = "<group>"; };
		D745C99C1FE3556D00BABD34 /* Base */ = {isa = PBXFileReference; lastKnownFileType = file.storyboard; name = Base; path = Base.lproj/LaunchScreen.storyboard; sourceTree = "<group>"; };
		D745C99E1FE3556D00BABD34 /* Info.plist */ = {isa = PBXFileReference; lastKnownFileType = text.plist.xml; path = Info.plist; sourceTree = "<group>"; };
		D745C9A31FE3556D00BABD34 /* NowTicketingTests.xctest */ = {isa = PBXFileReference; explicitFileType = wrapper.cfbundle; includeInIndex = 0; path = NowTicketingTests.xctest; sourceTree = BUILT_PRODUCTS_DIR; };
		D745C9A71FE3556D00BABD34 /* NowTicketingTests.swift */ = {isa = PBXFileReference; lastKnownFileType = sourcecode.swift; path = NowTicketingTests.swift; sourceTree = "<group>"; };
		D745C9A91FE3556D00BABD34 /* Info.plist */ = {isa = PBXFileReference; lastKnownFileType = text.plist.xml; path = Info.plist; sourceTree = "<group>"; };
		D745C9B21FE3560400BABD34 /* RiderTableViewController.swift */ = {isa = PBXFileReference; fileEncoding = 4; lastKnownFileType = sourcecode.swift; path = RiderTableViewController.swift; sourceTree = "<group>"; };
		D745C9B41FE3564800BABD34 /* FareTableViewController.swift */ = {isa = PBXFileReference; fileEncoding = 4; lastKnownFileType = sourcecode.swift; path = FareTableViewController.swift; sourceTree = "<group>"; };
		D745C9B61FE3575900BABD34 /* PurchaseViewController.swift */ = {isa = PBXFileReference; fileEncoding = 4; lastKnownFileType = sourcecode.swift; path = PurchaseViewController.swift; sourceTree = "<group>"; };
		D745C9BA1FE357BB00BABD34 /* ticket.json */ = {isa = PBXFileReference; fileEncoding = 4; lastKnownFileType = text.json; name = ticket.json; path = Data/ticket.json; sourceTree = "<group>"; };
		D745C9BC1FE357E300BABD34 /* Ticket.swift */ = {isa = PBXFileReference; fileEncoding = 4; lastKnownFileType = sourcecode.swift; name = Ticket.swift; path = Model/Ticket.swift; sourceTree = "<group>"; };
		D745C9BE1FE3580400BABD34 /* Fare.swift */ = {isa = PBXFileReference; fileEncoding = 4; lastKnownFileType = sourcecode.swift; name = Fare.swift; path = Model/Fare.swift; sourceTree = "<group>"; };
/* End PBXFileReference section */

/* Begin PBXFrameworksBuildPhase section */
		D745C98C1FE3556D00BABD34 /* Frameworks */ = {
			isa = PBXFrameworksBuildPhase;
			buildActionMask = 2147483647;
			files = (
			);
			runOnlyForDeploymentPostprocessing = 0;
		};
		D745C9A01FE3556D00BABD34 /* Frameworks */ = {
			isa = PBXFrameworksBuildPhase;
			buildActionMask = 2147483647;
			files = (
			);
			runOnlyForDeploymentPostprocessing = 0;
		};
/* End PBXFrameworksBuildPhase section */

/* Begin PBXGroup section */
		D745C9861FE3556D00BABD34 = {
			isa = PBXGroup;
			children = (
				D745C9911FE3556D00BABD34 /* NowTicketing */,
				D745C9A61FE3556D00BABD34 /* NowTicketingTests */,
				D745C9901FE3556D00BABD34 /* Products */,
			);
			sourceTree = "<group>";
		};
		D745C9901FE3556D00BABD34 /* Products */ = {
			isa = PBXGroup;
			children = (
				D745C98F1FE3556D00BABD34 /* NowTicketing.app */,
				D745C9A31FE3556D00BABD34 /* NowTicketingTests.xctest */,
			);
			name = Products;
			sourceTree = "<group>";
		};
		D745C9911FE3556D00BABD34 /* NowTicketing */ = {
			isa = PBXGroup;
			children = (
				D745C9B81FE3577F00BABD34 /* Data */,
				D745C9B91FE3578600BABD34 /* Model */,
				D745C9921FE3556D00BABD34 /* AppDelegate.swift */,
				D745C9961FE3556D00BABD34 /* Main.storyboard */,
				D745C9991FE3556D00BABD34 /* Assets.xcassets */,
				D745C99B1FE3556D00BABD34 /* LaunchScreen.storyboard */,
				D745C99E1FE3556D00BABD34 /* Info.plist */,
				D745C9B21FE3560400BABD34 /* RiderTableViewController.swift */,
				D745C9B41FE3564800BABD34 /* FareTableViewController.swift */,
				D745C9B61FE3575900BABD34 /* PurchaseViewController.swift */,
			);
			path = NowTicketing;
			sourceTree = "<group>";
		};
		D745C9A61FE3556D00BABD34 /* NowTicketingTests */ = {
			isa = PBXGroup;
			children = (
				D745C9A71FE3556D00BABD34 /* NowTicketingTests.swift */,
				D745C9A91FE3556D00BABD34 /* Info.plist */,
			);
			path = NowTicketingTests;
			sourceTree = "<group>";
		};
		D745C9B81FE3577F00BABD34 /* Data */ = {
			isa = PBXGroup;
			children = (
				D745C9BA1FE357BB00BABD34 /* ticket.json */,
			);
			name = Data;
			sourceTree = "<group>";
		};
		D745C9B91FE3578600BABD34 /* Model */ = {
			isa = PBXGroup;
			children = (
				D745C9BC1FE357E300BABD34 /* Ticket.swift */,
				D745C9BE1FE3580400BABD34 /* Fare.swift */,
			);
			name = Model;
			sourceTree = "<group>";
		};
/* End PBXGroup section */

/* Begin PBXNativeTarget section */
		D745C98E1FE3556D00BABD34 /* NowTicketing */ = {
			isa = PBXNativeTarget;
			buildConfigurationList = D745C9AC1FE3556D00BABD34 /* Build configuration list for PBXNativeTarget "NowTicketing" */;
			buildPhases = (
				D745C98B1FE3556D00BABD34 /* Sources */,
				D745C98C1FE3556D00BABD34 /* Frameworks */,
				D745C98D1FE3556D00BABD34 /* Resources */,
			);
			buildRules = (
			);
			dependencies = (
			);
			name = NowTicketing;
			productName = NowTicketing;
			productReference = D745C98F1FE3556D00BABD34 /* NowTicketing.app */;
			productType = "com.apple.product-type.application";
		};
		D745C9A21FE3556D00BABD34 /* NowTicketingTests */ = {
			isa = PBXNativeTarget;
			buildConfigurationList = D745C9AF1FE3556D00BABD34 /* Build configuration list for PBXNativeTarget "NowTicketingTests" */;
			buildPhases = (
				D745C99F1FE3556D00BABD34 /* Sources */,
				D745C9A01FE3556D00BABD34 /* Frameworks */,
				D745C9A11FE3556D00BABD34 /* Resources */,
			);
			buildRules = (
			);
			dependencies = (
				D745C9A51FE3556D00BABD34 /* PBXTargetDependency */,
			);
			name = NowTicketingTests;
			productName = NowTicketingTests;
			productReference = D745C9A31FE3556D00BABD34 /* NowTicketingTests.xctest */;
			productType = "com.apple.product-type.bundle.unit-test";
		};
/* End PBXNativeTarget section */

/* Begin PBXProject section */
		D745C9871FE3556D00BABD34 /* Project object */ = {
			isa = PBXProject;
			attributes = {
				LastSwiftUpdateCheck = 0830;
				LastUpgradeCheck = 0830;
				ORGANIZATIONNAME = "Maria Yu";
				TargetAttributes = {
					D745C98E1FE3556D00BABD34 = {
						CreatedOnToolsVersion = 8.3.3;
						DevelopmentTeam = 533B3D79JJ;
						ProvisioningStyle = Automatic;
					};
					D745C9A21FE3556D00BABD34 = {
						CreatedOnToolsVersion = 8.3.3;
						DevelopmentTeam = 533B3D79JJ;
						ProvisioningStyle = Automatic;
						TestTargetID = D745C98E1FE3556D00BABD34;
					};
				};
			};
			buildConfigurationList = D745C98A1FE3556D00BABD34 /* Build configuration list for PBXProject "NowTicketing" */;
			compatibilityVersion = "Xcode 3.2";
			developmentRegion = English;
			hasScannedForEncodings = 0;
			knownRegions = (
				en,
				Base,
			);
			mainGroup = D745C9861FE3556D00BABD34;
			productRefGroup = D745C9901FE3556D00BABD34 /* Products */;
			projectDirPath = "";
			projectRoot = "";
			targets = (
				D745C98E1FE3556D00BABD34 /* NowTicketing */,
				D745C9A21FE3556D00BABD34 /* NowTicketingTests */,
			);
		};
/* End PBXProject section */

/* Begin PBXResourcesBuildPhase section */
		D745C98D1FE3556D00BABD34 /* Resources */ = {
			isa = PBXResourcesBuildPhase;
			buildActionMask = 2147483647;
			files = (
				D745C99D1FE3556D00BABD34 /* LaunchScreen.storyboard in Resources */,
				D745C99A1FE3556D00BABD34 /* Assets.xcassets in Resources */,
				D745C9981FE3556D00BABD34 /* Main.storyboard in Resources */,
				D745C9BB1FE357BB00BABD34 /* ticket.json in Resources */,
			);
			runOnlyForDeploymentPostprocessing = 0;
		};
		D745C9A11FE3556D00BABD34 /* Resources */ = {
			isa = PBXResourcesBuildPhase;
			buildActionMask = 2147483647;
			files = (
			);
			runOnlyForDeploymentPostprocessing = 0;
		};
/* End PBXResourcesBuildPhase section */

/* Begin PBXSourcesBuildPhase section */
		D745C98B1FE3556D00BABD34 /* Sources */ = {
			isa = PBXSourcesBuildPhase;
			buildActionMask = 2147483647;
			files = (
				D745C9B71FE3575900BABD34 /* PurchaseViewController.swift in Sources */,
				D745C9BD1FE357E300BABD34 /* Ticket.swift in Sources */,
				D745C9B51FE3564800BABD34 /* FareTableViewController.swift in Sources */,
				D745C9BF1FE3580400BABD34 /* Fare.swift in Sources */,
				D745C9B31FE3560400BABD34 /* RiderTableViewController.swift in Sources */,
				D745C9931FE3556D00BABD34 /* AppDelegate.swift in Sources */,
			);
			runOnlyForDeploymentPostprocessing = 0;
		};
		D745C99F1FE3556D00BABD34 /* Sources */ = {
			isa = PBXSourcesBuildPhase;
			buildActionMask = 2147483647;
			files = (
				D745C9A81FE3556D00BABD34 /* NowTicketingTests.swift in Sources */,
			);
			runOnlyForDeploymentPostprocessing = 0;
		};
/* End PBXSourcesBuildPhase section */

/* Begin PBXTargetDependency section */
		D745C9A51FE3556D00BABD34 /* PBXTargetDependency */ = {
			isa = PBXTargetDependency;
			target = D745C98E1FE3556D00BABD34 /* NowTicketing */;
			targetProxy = D745C9A41FE3556D00BABD34 /* PBXContainerItemProxy */;
		};
/* End PBXTargetDependency section */

/* Begin PBXVariantGroup section */
		D745C9961FE3556D00BABD34 /* Main.storyboard */ = {
			isa = PBXVariantGroup;
			children = (
				D745C9971FE3556D00BABD34 /* Base */,
			);
			name = Main.storyboard;
			sourceTree = "<group>";
		};
		D745C99B1FE3556D00BABD34 /* LaunchScreen.storyboard */ = {
			isa = PBXVariantGroup;
			children = (
				D745C99C1FE3556D00BABD34 /* Base */,
			);
			name = LaunchScreen.storyboard;
			sourceTree = "<group>";
		};
/* End PBXVariantGroup section */

/* Begin XCBuildConfiguration section */
		D745C9AA1FE3556D00BABD34 /* Debug */ = {
			isa = XCBuildConfiguration;
			buildSettings = {
				ALWAYS_SEARCH_USER_PATHS = NO;
				CLANG_ANALYZER_NONNULL = YES;
				CLANG_ANALYZER_NUMBER_OBJECT_CONVERSION = YES_AGGRESSIVE;
				CLANG_CXX_LANGUAGE_STANDARD = "gnu++0x";
				CLANG_CXX_LIBRARY = "libc++";
				CLANG_ENABLE_MODULES = YES;
				CLANG_ENABLE_OBJC_ARC = YES;
				CLANG_WARN_BOOL_CONVERSION = YES;
				CLANG_WARN_CONSTANT_CONVERSION = YES;
				CLANG_WARN_DIRECT_OBJC_ISA_USAGE = YES_ERROR;
				CLANG_WARN_DOCUMENTATION_COMMENTS = YES;
				CLANG_WARN_EMPTY_BODY = YES;
				CLANG_WARN_ENUM_CONVERSION = YES;
				CLANG_WARN_INFINITE_RECURSION = YES;
				CLANG_WARN_INT_CONVERSION = YES;
				CLANG_WARN_OBJC_ROOT_CLASS = YES_ERROR;
				CLANG_WARN_SUSPICIOUS_MOVE = YES;
				CLANG_WARN_UNREACHABLE_CODE = YES;
				CLANG_WARN__DUPLICATE_METHOD_MATCH = YES;
				"CODE_SIGN_IDENTITY[sdk=iphoneos*]" = "iPhone Developer";
				COPY_PHASE_STRIP = NO;
				DEBUG_INFORMATION_FORMAT = dwarf;
				ENABLE_STRICT_OBJC_MSGSEND = YES;
				ENABLE_TESTABILITY = YES;
				GCC_C_LANGUAGE_STANDARD = gnu99;
				GCC_DYNAMIC_NO_PIC = NO;
				GCC_NO_COMMON_BLOCKS = YES;
				GCC_OPTIMIZATION_LEVEL = 0;
				GCC_PREPROCESSOR_DEFINITIONS = (
					"DEBUG=1",
					"$(inherited)",
				);
				GCC_WARN_64_TO_32_BIT_CONVERSION = YES;
				GCC_WARN_ABOUT_RETURN_TYPE = YES_ERROR;
				GCC_WARN_UNDECLARED_SELECTOR = YES;
				GCC_WARN_UNINITIALIZED_AUTOS = YES_AGGRESSIVE;
				GCC_WARN_UNUSED_FUNCTION = YES;
				GCC_WARN_UNUSED_VARIABLE = YES;
				IPHONEOS_DEPLOYMENT_TARGET = 10.3;
				MTL_ENABLE_DEBUG_INFO = YES;
				ONLY_ACTIVE_ARCH = YES;
				SDKROOT = iphoneos;
				SWIFT_ACTIVE_COMPILATION_CONDITIONS = DEBUG;
				SWIFT_OPTIMIZATION_LEVEL = "-Onone";
				TARGETED_DEVICE_FAMILY = "1,2";
			};
			name = Debug;
		};
		D745C9AB1FE3556D00BABD34 /* Release */ = {
			isa = XCBuildConfiguration;
			buildSettings = {
				ALWAYS_SEARCH_USER_PATHS = NO;
				CLANG_ANALYZER_NONNULL = YES;
				CLANG_ANALYZER_NUMBER_OBJECT_CONVERSION = YES_AGGRESSIVE;
				CLANG_CXX_LANGUAGE_STANDARD = "gnu++0x";
				CLANG_CXX_LIBRARY = "libc++";
				CLANG_ENABLE_MODULES = YES;
				CLANG_ENABLE_OBJC_ARC = YES;
				CLANG_WARN_BOOL_CONVERSION = YES;
				CLANG_WARN_CONSTANT_CONVERSION = YES;
				CLANG_WARN_DIRECT_OBJC_ISA_USAGE = YES_ERROR;
				CLANG_WARN_DOCUMENTATION_COMMENTS = YES;
				CLANG_WARN_EMPTY_BODY = YES;
				CLANG_WARN_ENUM_CONVERSION = YES;
				CLANG_WARN_INFINITE_RECURSION = YES;
				CLANG_WARN_INT_CONVERSION = YES;
				CLANG_WARN_OBJC_ROOT_CLASS = YES_ERROR;
				CLANG_WARN_SUSPICIOUS_MOVE = YES;
				CLANG_WARN_UNREACHABLE_CODE = YES;
				CLANG_WARN__DUPLICATE_METHOD_MATCH = YES;
				"CODE_SIGN_IDENTITY[sdk=iphoneos*]" = "iPhone Developer";
				COPY_PHASE_STRIP = NO;
				DEBUG_INFORMATION_FORMAT = "dwarf-with-dsym";
				ENABLE_NS_ASSERTIONS = NO;
				ENABLE_STRICT_OBJC_MSGSEND = YES;
				GCC_C_LANGUAGE_STANDARD = gnu99;
				GCC_NO_COMMON_BLOCKS = YES;
				GCC_WARN_64_TO_32_BIT_CONVERSION = YES;
				GCC_WARN_ABOUT_RETURN_TYPE = YES_ERROR;
				GCC_WARN_UNDECLARED_SELECTOR = YES;
				GCC_WARN_UNINITIALIZED_AUTOS = YES_AGGRESSIVE;
				GCC_WARN_UNUSED_FUNCTION = YES;
				GCC_WARN_UNUSED_VARIABLE = YES;
				IPHONEOS_DEPLOYMENT_TARGET = 10.3;
				MTL_ENABLE_DEBUG_INFO = NO;
				SDKROOT = iphoneos;
				SWIFT_OPTIMIZATION_LEVEL = "-Owholemodule";
				TARGETED_DEVICE_FAMILY = "1,2";
				VALIDATE_PRODUCT = YES;
			};
			name = Release;
		};
		D745C9AD1FE3556D00BABD34 /* Debug */ = {
			isa = XCBuildConfiguration;
			buildSettings = {
				ASSETCATALOG_COMPILER_APPICON_NAME = AppIcon;
				DEVELOPMENT_TEAM = 533B3D79JJ;
				INFOPLIST_FILE = NowTicketing/Info.plist;
				LD_RUNPATH_SEARCH_PATHS = "$(inherited) @executable_path/Frameworks";
				PRODUCT_BUNDLE_IDENTIFIER = com.itenutosoft.NowTicketing;
				PRODUCT_NAME = "$(TARGET_NAME)";
				SWIFT_VERSION = 3.0;
			};
			name = Debug;
		};
		D745C9AE1FE3556D00BABD34 /* Release */ = {
			isa = XCBuildConfiguration;
			buildSettings = {
				ASSETCATALOG_COMPILER_APPICON_NAME = AppIcon;
				DEVELOPMENT_TEAM = 533B3D79JJ;
				INFOPLIST_FILE = NowTicketing/Info.plist;
				LD_RUNPATH_SEARCH_PATHS = "$(inherited) @executable_path/Frameworks";
				PRODUCT_BUNDLE_IDENTIFIER = com.itenutosoft.NowTicketing;
				PRODUCT_NAME = "$(TARGET_NAME)";
				SWIFT_VERSION = 3.0;
			};
			name = Release;
		};
		D745C9B01FE3556D00BABD34 /* Debug */ = {
			isa = XCBuildConfiguration;
			buildSettings = {
				ALWAYS_EMBED_SWIFT_STANDARD_LIBRARIES = YES;
				BUNDLE_LOADER = "$(TEST_HOST)";
				DEVELOPMENT_TEAM = 533B3D79JJ;
				INFOPLIST_FILE = NowTicketingTests/Info.plist;
				LD_RUNPATH_SEARCH_PATHS = "$(inherited) @executable_path/Frameworks @loader_path/Frameworks";
				PRODUCT_BUNDLE_IDENTIFIER = com.itenutosoft.NowTicketingTests;
				PRODUCT_NAME = "$(TARGET_NAME)";
				SWIFT_VERSION = 3.0;
				TEST_HOST = "$(BUILT_PRODUCTS_DIR)/NowTicketing.app/NowTicketing";
			};
			name = Debug;
		};
		D745C9B11FE3556D00BABD34 /* Release */ = {
			isa = XCBuildConfiguration;
			buildSettings = {
				ALWAYS_EMBED_SWIFT_STANDARD_LIBRARIES = YES;
				BUNDLE_LOADER = "$(TEST_HOST)";
				DEVELOPMENT_TEAM = 533B3D79JJ;
				INFOPLIST_FILE = NowTicketingTests/Info.plist;
				LD_RUNPATH_SEARCH_PATHS = "$(inherited) @executable_path/Frameworks @loader_path/Frameworks";
				PRODUCT_BUNDLE_IDENTIFIER = com.itenutosoft.NowTicketingTests;
				PRODUCT_NAME = "$(TARGET_NAME)";
				SWIFT_VERSION = 3.0;
				TEST_HOST = "$(BUILT_PRODUCTS_DIR)/NowTicketing.app/NowTicketing";
			};
			name = Release;
		};
/* End XCBuildConfiguration section */

/* Begin XCConfigurationList section */
		D745C98A1FE3556D00BABD34 /* Build configuration list for PBXProject "NowTicketing" */ = {
			isa = XCConfigurationList;
			buildConfigurations = (
				D745C9AA1FE3556D00BABD34 /* Debug */,
				D745C9AB1FE3556D00BABD34 /* Release */,
			);
			defaultConfigurationIsVisible = 0;
			defaultConfigurationName = Release;
		};
		D745C9AC1FE3556D00BABD34 /* Build configuration list for PBXNativeTarget "NowTicketing" */ = {
			isa = XCConfigurationList;
			buildConfigurations = (
				D745C9AD1FE3556D00BABD34 /* Debug */,
				D745C9AE1FE3556D00BABD34 /* Release */,
			);
			defaultConfigurationIsVisible = 0;
		};
		D745C9AF1FE3556D00BABD34 /* Build configuration list for PBXNativeTarget "NowTicketingTests" */ = {
			isa = XCConfigurationList;
			buildConfigurations = (
				D745C9B01FE3556D00BABD34 /* Debug */,
				D745C9B11FE3556D00BABD34 /* Release */,
			);
			defaultConfigurationIsVisible = 0;
		};
/* End XCConfigurationList section */
	};
	rootObject = D745C9871FE3556D00BABD34 /* Project object */;
}
